// !$*UTF8*$!
{
	archiveVersion = 1;
	classes = {
	};
	objectVersion = 56;
	objects = {

/* Begin PBXBuildFile section */
		1B054DF82A705579005449C9 /* LandmarksAppApp.swift in Sources */ = {isa = PBXBuildFile; fileRef = 1B054DF72A705579005449C9 /* LandmarksAppApp.swift */; };
		1B054DFA2A705579005449C9 /* ContentView.swift in Sources */ = {isa = PBXBuildFile; fileRef = 1B054DF92A705579005449C9 /* ContentView.swift */; };
		1B054DFC2A705580005449C9 /* Assets.xcassets in Resources */ = {isa = PBXBuildFile; fileRef = 1B054DFB2A705580005449C9 /* Assets.xcassets */; };
		1B054E002A705580005449C9 /* Preview Assets.xcassets in Resources */ = {isa = PBXBuildFile; fileRef = 1B054DFF2A705580005449C9 /* Preview Assets.xcassets */; };
		1B054E0A2A705580005449C9 /* LandmarksAppTests.swift in Sources */ = {isa = PBXBuildFile; fileRef = 1B054E092A705580005449C9 /* LandmarksAppTests.swift */; };
		1B054E142A705580005449C9 /* LandmarksAppUITests.swift in Sources */ = {isa = PBXBuildFile; fileRef = 1B054E132A705580005449C9 /* LandmarksAppUITests.swift */; };
		1B054E162A705580005449C9 /* LandmarksAppUITestsLaunchTests.swift in Sources */ = {isa = PBXBuildFile; fileRef = 1B054E152A705580005449C9 /* LandmarksAppUITestsLaunchTests.swift */; };
/* End PBXBuildFile section */

/* Begin PBXContainerItemProxy section */
		1B054E062A705580005449C9 /* PBXContainerItemProxy */ = {
			isa = PBXContainerItemProxy;
			containerPortal = 1B054DEC2A705579005449C9 /* Project object */;
			proxyType = 1;
			remoteGlobalIDString = 1B054DF32A705579005449C9;
			remoteInfo = LandmarksApp;
		};
		1B054E102A705580005449C9 /* PBXContainerItemProxy */ = {
			isa = PBXContainerItemProxy;
			containerPortal = 1B054DEC2A705579005449C9 /* Project object */;
			proxyType = 1;
			remoteGlobalIDString = 1B054DF32A705579005449C9;
			remoteInfo = LandmarksApp;
		};
/* End PBXContainerItemProxy section */

/* Begin PBXFileReference section */
		1B054DF42A705579005449C9 /* LandmarksApp.app */ = {isa = PBXFileReference; explicitFileType = wrapper.application; includeInIndex = 0; path = LandmarksApp.app; sourceTree = BUILT_PRODUCTS_DIR; };
		1B054DF72A705579005449C9 /* LandmarksAppApp.swift */ = {isa = PBXFileReference; lastKnownFileType = sourcecode.swift; path = LandmarksAppApp.swift; sourceTree = "<group>"; };
		1B054DF92A705579005449C9 /* ContentView.swift */ = {isa = PBXFileReference; lastKnownFileType = sourcecode.swift; path = ContentView.swift; sourceTree = "<group>"; };
		1B054DFB2A705580005449C9 /* Assets.xcassets */ = {isa = PBXFileReference; lastKnownFileType = folder.assetcatalog; path = Assets.xcassets; sourceTree = "<group>"; };
		1B054DFD2A705580005449C9 /* LandmarksApp.entitlements */ = {isa = PBXFileReference; lastKnownFileType = text.plist.entitlements; path = LandmarksApp.entitlements; sourceTree = "<group>"; };
		1B054DFF2A705580005449C9 /* Preview Assets.xcassets */ = {isa = PBXFileReference; lastKnownFileType = folder.assetcatalog; path = "Preview Assets.xcassets"; sourceTree = "<group>"; };
		1B054E052A705580005449C9 /* LandmarksAppTests.xctest */ = {isa = PBXFileReference; explicitFileType = wrapper.cfbundle; includeInIndex = 0; path = LandmarksAppTests.xctest; sourceTree = BUILT_PRODUCTS_DIR; };
		1B054E092A705580005449C9 /* LandmarksAppTests.swift */ = {isa = PBXFileReference; lastKnownFileType = sourcecode.swift; path = LandmarksAppTests.swift; sourceTree = "<group>"; };
		1B054E0F2A705580005449C9 /* LandmarksAppUITests.xctest */ = {isa = PBXFileReference; explicitFileType = wrapper.cfbundle; includeInIndex = 0; path = LandmarksAppUITests.xctest; sourceTree = BUILT_PRODUCTS_DIR; };
		1B054E132A705580005449C9 /* LandmarksAppUITests.swift */ = {isa = PBXFileReference; lastKnownFileType = sourcecode.swift; path = LandmarksAppUITests.swift; sourceTree = "<group>"; };
		1B054E152A705580005449C9 /* LandmarksAppUITestsLaunchTests.swift */ = {isa = PBXFileReference; lastKnownFileType = sourcecode.swift; path = LandmarksAppUITestsLaunchTests.swift; sourceTree = "<group>"; };
/* End PBXFileReference section */

/* Begin PBXFrameworksBuildPhase section */
		1B054DF12A705579005449C9 /* Frameworks */ = {
			isa = PBXFrameworksBuildPhase;
			buildActionMask = 2147483647;
			files = (
			);
			runOnlyForDeploymentPostprocessing = 0;
		};
		1B054E022A705580005449C9 /* Frameworks */ = {
			isa = PBXFrameworksBuildPhase;
			buildActionMask = 2147483647;
			files = (
			);
			runOnlyForDeploymentPostprocessing = 0;
		};
		1B054E0C2A705580005449C9 /* Frameworks */ = {
			isa = PBXFrameworksBuildPhase;
			buildActionMask = 2147483647;
			files = (
			);
			runOnlyForDeploymentPostprocessing = 0;
		};
/* End PBXFrameworksBuildPhase section */

/* Begin PBXGroup section */
		1B054DEB2A705579005449C9 = {
			isa = PBXGroup;
			children = (
				1B054DF62A705579005449C9 /* LandmarksApp */,
				1B054E082A705580005449C9 /* LandmarksAppTests */,
				1B054E122A705580005449C9 /* LandmarksAppUITests */,
				1B054DF52A705579005449C9 /* Products */,
			);
			sourceTree = "<group>";
		};
		1B054DF52A705579005449C9 /* Products */ = {
			isa = PBXGroup;
			children = (
				1B054DF42A705579005449C9 /* LandmarksApp.app */,
				1B054E052A705580005449C9 /* LandmarksAppTests.xctest */,
				1B054E0F2A705580005449C9 /* LandmarksAppUITests.xctest */,
			);
			name = Products;
			sourceTree = "<group>";
		};
		1B054DF62A705579005449C9 /* LandmarksApp */ = {
			isa = PBXGroup;
			children = (
				1B054DF72A705579005449C9 /* LandmarksAppApp.swift */,
				1B054DF92A705579005449C9 /* ContentView.swift */,
				1B054DFB2A705580005449C9 /* Assets.xcassets */,
				1B054DFD2A705580005449C9 /* LandmarksApp.entitlements */,
				1B054DFE2A705580005449C9 /* Preview Content */,
			);
			path = LandmarksApp;
			sourceTree = "<group>";
		};
		1B054DFE2A705580005449C9 /* Preview Content */ = {
			isa = PBXGroup;
			children = (
				1B054DFF2A705580005449C9 /* Preview Assets.xcassets */,
			);
			path = "Preview Content";
			sourceTree = "<group>";
		};
		1B054E082A705580005449C9 /* LandmarksAppTests */ = {
			isa = PBXGroup;
			children = (
				1B054E092A705580005449C9 /* LandmarksAppTests.swift */,
			);
			path = LandmarksAppTests;
			sourceTree = "<group>";
		};
		1B054E122A705580005449C9 /* LandmarksAppUITests */ = {
			isa = PBXGroup;
			children = (
				1B054E132A705580005449C9 /* LandmarksAppUITests.swift */,
				1B054E152A705580005449C9 /* LandmarksAppUITestsLaunchTests.swift */,
			);
			path = LandmarksAppUITests;
			sourceTree = "<group>";
		};
/* End PBXGroup section */

/* Begin PBXNativeTarget section */
		1B054DF32A705579005449C9 /* LandmarksApp */ = {
			isa = PBXNativeTarget;
			buildConfigurationList = 1B054E192A705580005449C9 /* Build configuration list for PBXNativeTarget "LandmarksApp" */;
			buildPhases = (
				1B054DF02A705579005449C9 /* Sources */,
				1B054DF12A705579005449C9 /* Frameworks */,
				1B054DF22A705579005449C9 /* Resources */,
			);
			buildRules = (
			);
			dependencies = (
			);
			name = LandmarksApp;
			productName = LandmarksApp;
			productReference = 1B054DF42A705579005449C9 /* LandmarksApp.app */;
			productType = "com.apple.product-type.application";
		};
		1B054E042A705580005449C9 /* LandmarksAppTests */ = {
			isa = PBXNativeTarget;
			buildConfigurationList = 1B054E1C2A705580005449C9 /* Build configuration list for PBXNativeTarget "LandmarksAppTests" */;
			buildPhases = (
				1B054E012A705580005449C9 /* Sources */,
				1B054E022A705580005449C9 /* Frameworks */,
				1B054E032A705580005449C9 /* Resources */,
			);
			buildRules = (
			);
			dependencies = (
				1B054E072A705580005449C9 /* PBXTargetDependency */,
			);
			name = LandmarksAppTests;
			productName = LandmarksAppTests;
			productReference = 1B054E052A705580005449C9 /* LandmarksAppTests.xctest */;
			productType = "com.apple.product-type.bundle.unit-test";
		};
		1B054E0E2A705580005449C9 /* LandmarksAppUITests */ = {
			isa = PBXNativeTarget;
			buildConfigurationList = 1B054E1F2A705580005449C9 /* Build configuration list for PBXNativeTarget "LandmarksAppUITests" */;
			buildPhases = (
				1B054E0B2A705580005449C9 /* Sources */,
				1B054E0C2A705580005449C9 /* Frameworks */,
				1B054E0D2A705580005449C9 /* Resources */,
			);
			buildRules = (
			);
			dependencies = (
				1B054E112A705580005449C9 /* PBXTargetDependency */,
			);
			name = LandmarksAppUITests;
			productName = LandmarksAppUITests;
			productReference = 1B054E0F2A705580005449C9 /* LandmarksAppUITests.xctest */;
			productType = "com.apple.product-type.bundle.ui-testing";
		};
/* End PBXNativeTarget section */

/* Begin PBXProject section */
		1B054DEC2A705579005449C9 /* Project object */ = {
			isa = PBXProject;
			attributes = {
				BuildIndependentTargetsInParallel = 1;
				LastSwiftUpdateCheck = 1500;
				LastUpgradeCheck = 1500;
				TargetAttributes = {
					1B054DF32A705579005449C9 = {
						CreatedOnToolsVersion = 15.0;
					};
					1B054E042A705580005449C9 = {
						CreatedOnToolsVersion = 15.0;
						TestTargetID = 1B054DF32A705579005449C9;
					};
					1B054E0E2A705580005449C9 = {
						CreatedOnToolsVersion = 15.0;
						TestTargetID = 1B054DF32A705579005449C9;
					};
				};
			};
			buildConfigurationList = 1B054DEF2A705579005449C9 /* Build configuration list for PBXProject "LandmarksApp" */;
			compatibilityVersion = "Xcode 14.0";
			developmentRegion = en;
			hasScannedForEncodings = 0;
			knownRegions = (
				en,
				Base,
			);
			mainGroup = 1B054DEB2A705579005449C9;
			productRefGroup = 1B054DF52A705579005449C9 /* Products */;
			projectDirPath = "";
			projectRoot = "";
			targets = (
				1B054DF32A705579005449C9 /* LandmarksApp */,
				1B054E042A705580005449C9 /* LandmarksAppTests */,
				1B054E0E2A705580005449C9 /* LandmarksAppUITests */,
			);
		};
/* End PBXProject section */

/* Begin PBXResourcesBuildPhase section */
		1B054DF22A705579005449C9 /* Resources */ = {
			isa = PBXResourcesBuildPhase;
			buildActionMask = 2147483647;
			files = (
				1B054E002A705580005449C9 /* Preview Assets.xcassets in Resources */,
				1B054DFC2A705580005449C9 /* Assets.xcassets in Resources */,
			);
			runOnlyForDeploymentPostprocessing = 0;
		};
		1B054E032A705580005449C9 /* Resources */ = {
			isa = PBXResourcesBuildPhase;
			buildActionMask = 2147483647;
			files = (
			);
			runOnlyForDeploymentPostprocessing = 0;
		};
		1B054E0D2A705580005449C9 /* Resources */ = {
			isa = PBXResourcesBuildPhase;
			buildActionMask = 2147483647;
			files = (
			);
			runOnlyForDeploymentPostprocessing = 0;
		};
/* End PBXResourcesBuildPhase section */

/* Begin PBXSourcesBuildPhase section */
		1B054DF02A705579005449C9 /* Sources */ = {
			isa = PBXSourcesBuildPhase;
			buildActionMask = 2147483647;
			files = (
				1B054DFA2A705579005449C9 /* ContentView.swift in Sources */,
				1B054DF82A705579005449C9 /* LandmarksAppApp.swift in Sources */,
			);
			runOnlyForDeploymentPostprocessing = 0;
		};
		1B054E012A705580005449C9 /* Sources */ = {
			isa = PBXSourcesBuildPhase;
			buildActionMask = 2147483647;
			files = (
				1B054E0A2A705580005449C9 /* LandmarksAppTests.swift in Sources */,
			);
			runOnlyForDeploymentPostprocessing = 0;
		};
		1B054E0B2A705580005449C9 /* Sources */ = {
			isa = PBXSourcesBuildPhase;
			buildActionMask = 2147483647;
			files = (
				1B054E162A705580005449C9 /* LandmarksAppUITestsLaunchTests.swift in Sources */,
				1B054E142A705580005449C9 /* LandmarksAppUITests.swift in Sources */,
			);
			runOnlyForDeploymentPostprocessing = 0;
		};
/* End PBXSourcesBuildPhase section */

/* Begin PBXTargetDependency section */
		1B054E072A705580005449C9 /* PBXTargetDependency */ = {
			isa = PBXTargetDependency;
			target = 1B054DF32A705579005449C9 /* LandmarksApp */;
			targetProxy = 1B054E062A705580005449C9 /* PBXContainerItemProxy */;
		};
		1B054E112A705580005449C9 /* PBXTargetDependency */ = {
			isa = PBXTargetDependency;
			target = 1B054DF32A705579005449C9 /* LandmarksApp */;
			targetProxy = 1B054E102A705580005449C9 /* PBXContainerItemProxy */;
		};
/* End PBXTargetDependency section */

/* Begin XCBuildConfiguration section */
		1B054E172A705580005449C9 /* Debug */ = {
			isa = XCBuildConfiguration;
			buildSettings = {
				ALWAYS_SEARCH_USER_PATHS = NO;
				ASSETCATALOG_COMPILER_GENERATE_SWIFT_ASSET_SYMBOL_EXTENSIONS = YES;
				CLANG_ANALYZER_NONNULL = YES;
				CLANG_ANALYZER_NUMBER_OBJECT_CONVERSION = YES_AGGRESSIVE;
				CLANG_CXX_LANGUAGE_STANDARD = "gnu++20";
				CLANG_ENABLE_MODULES = YES;
				CLANG_ENABLE_OBJC_ARC = YES;
				CLANG_ENABLE_OBJC_WEAK = YES;
				CLANG_WARN_BLOCK_CAPTURE_AUTORELEASING = YES;
				CLANG_WARN_BOOL_CONVERSION = YES;
				CLANG_WARN_COMMA = YES;
				CLANG_WARN_CONSTANT_CONVERSION = YES;
				CLANG_WARN_DEPRECATED_OBJC_IMPLEMENTATIONS = YES;
				CLANG_WARN_DIRECT_OBJC_ISA_USAGE = YES_ERROR;
				CLANG_WARN_DOCUMENTATION_COMMENTS = YES;
				CLANG_WARN_EMPTY_BODY = YES;
				CLANG_WARN_ENUM_CONVERSION = YES;
				CLANG_WARN_INFINITE_RECURSION = YES;
				CLANG_WARN_INT_CONVERSION = YES;
				CLANG_WARN_NON_LITERAL_NULL_CONVERSION = YES;
				CLANG_WARN_OBJC_IMPLICIT_RETAIN_SELF = YES;
				CLANG_WARN_OBJC_LITERAL_CONVERSION = YES;
				CLANG_WARN_OBJC_ROOT_CLASS = YES_ERROR;
				CLANG_WARN_QUOTED_INCLUDE_IN_FRAMEWORK_HEADER = YES;
				CLANG_WARN_RANGE_LOOP_ANALYSIS = YES;
				CLANG_WARN_STRICT_PROTOTYPES = YES;
				CLANG_WARN_SUSPICIOUS_MOVE = YES;
				CLANG_WARN_UNGUARDED_AVAILABILITY = YES_AGGRESSIVE;
				CLANG_WARN_UNREACHABLE_CODE = YES;
				CLANG_WARN__DUPLICATE_METHOD_MATCH = YES;
				COPY_PHASE_STRIP = NO;
				DEBUG_INFORMATION_FORMAT = dwarf;
				ENABLE_STRICT_OBJC_MSGSEND = YES;
				ENABLE_TESTABILITY = YES;
				ENABLE_USER_SCRIPT_SANDBOXING = YES;
				GCC_C_LANGUAGE_STANDARD = gnu17;
				GCC_DYNAMIC_NO_PIC = NO;
				GCC_NO_COMMON_BLOCKS = YES;
				GCC_OPTIMIZATION_LEVEL = 0;
				GCC_PREPROCESSOR_DEFINITIONS = (
					"DEBUG=1",
					"$(inherited)",
				);
				GCC_WARN_64_TO_32_BIT_CONVERSION = YES;
				GCC_WARN_ABOUT_RETURN_TYPE = YES_ERROR;
				GCC_WARN_UNDECLARED_SELECTOR = YES;
				GCC_WARN_UNINITIALIZED_AUTOS = YES_AGGRESSIVE;
				GCC_WARN_UNUSED_FUNCTION = YES;
				GCC_WARN_UNUSED_VARIABLE = YES;
				LOCALIZATION_PREFERS_STRING_CATALOGS = YES;
				MTL_ENABLE_DEBUG_INFO = INCLUDE_SOURCE;
				MTL_FAST_MATH = YES;
				ONLY_ACTIVE_ARCH = YES;
				SWIFT_ACTIVE_COMPILATION_CONDITIONS = "DEBUG $(inherited)";
				SWIFT_OPTIMIZATION_LEVEL = "-Onone";
			};
			name = Debug;
		};
		1B054E182A705580005449C9 /* Release */ = {
			isa = XCBuildConfiguration;
			buildSettings = {
				ALWAYS_SEARCH_USER_PATHS = NO;
				ASSETCATALOG_COMPILER_GENERATE_SWIFT_ASSET_SYMBOL_EXTENSIONS = YES;
				CLANG_ANALYZER_NONNULL = YES;
				CLANG_ANALYZER_NUMBER_OBJECT_CONVERSION = YES_AGGRESSIVE;
				CLANG_CXX_LANGUAGE_STANDARD = "gnu++20";
				CLANG_ENABLE_MODULES = YES;
				CLANG_ENABLE_OBJC_ARC = YES;
				CLANG_ENABLE_OBJC_WEAK = YES;
				CLANG_WARN_BLOCK_CAPTURE_AUTORELEASING = YES;
				CLANG_WARN_BOOL_CONVERSION = YES;
				CLANG_WARN_COMMA = YES;
				CLANG_WARN_CONSTANT_CONVERSION = YES;
				CLANG_WARN_DEPRECATED_OBJC_IMPLEMENTATIONS = YES;
				CLANG_WARN_DIRECT_OBJC_ISA_USAGE = YES_ERROR;
				CLANG_WARN_DOCUMENTATION_COMMENTS = YES;
				CLANG_WARN_EMPTY_BODY = YES;
				CLANG_WARN_ENUM_CONVERSION = YES;
				CLANG_WARN_INFINITE_RECURSION = YES;
				CLANG_WARN_INT_CONVERSION = YES;
				CLANG_WARN_NON_LITERAL_NULL_CONVERSION = YES;
				CLANG_WARN_OBJC_IMPLICIT_RETAIN_SELF = YES;
				CLANG_WARN_OBJC_LITERAL_CONVERSION = YES;
				CLANG_WARN_OBJC_ROOT_CLASS = YES_ERROR;
				CLANG_WARN_QUOTED_INCLUDE_IN_FRAMEWORK_HEADER = YES;
				CLANG_WARN_RANGE_LOOP_ANALYSIS = YES;
				CLANG_WARN_STRICT_PROTOTYPES = YES;
				CLANG_WARN_SUSPICIOUS_MOVE = YES;
				CLANG_WARN_UNGUARDED_AVAILABILITY = YES_AGGRESSIVE;
				CLANG_WARN_UNREACHABLE_CODE = YES;
				CLANG_WARN__DUPLICATE_METHOD_MATCH = YES;
				COPY_PHASE_STRIP = NO;
				DEBUG_INFORMATION_FORMAT = "dwarf-with-dsym";
				ENABLE_NS_ASSERTIONS = NO;
				ENABLE_STRICT_OBJC_MSGSEND = YES;
				ENABLE_USER_SCRIPT_SANDBOXING = YES;
				GCC_C_LANGUAGE_STANDARD = gnu17;
				GCC_NO_COMMON_BLOCKS = YES;
				GCC_WARN_64_TO_32_BIT_CONVERSION = YES;
				GCC_WARN_ABOUT_RETURN_TYPE = YES_ERROR;
				GCC_WARN_UNDECLARED_SELECTOR = YES;
				GCC_WARN_UNINITIALIZED_AUTOS = YES_AGGRESSIVE;
				GCC_WARN_UNUSED_FUNCTION = YES;
				GCC_WARN_UNUSED_VARIABLE = YES;
				LOCALIZATION_PREFERS_STRING_CATALOGS = YES;
				MTL_ENABLE_DEBUG_INFO = NO;
				MTL_FAST_MATH = YES;
				SWIFT_COMPILATION_MODE = wholemodule;
			};
			name = Release;
		};
		1B054E1A2A705580005449C9 /* Debug */ = {
			isa = XCBuildConfiguration;
			buildSettings = {
				ASSETCATALOG_COMPILER_APPICON_NAME = AppIcon;
				ASSETCATALOG_COMPILER_GLOBAL_ACCENT_COLOR_NAME = AccentColor;
				CODE_SIGN_ENTITLEMENTS = LandmarksApp/LandmarksApp.entitlements;
				CODE_SIGN_STYLE = Automatic;
				CURRENT_PROJECT_VERSION = 1;
				DEVELOPMENT_ASSET_PATHS = "\"LandmarksApp/Preview Content\"";
				DEVELOPMENT_TEAM = H3A8P27X93;
				ENABLE_HARDENED_RUNTIME = YES;
				ENABLE_PREVIEWS = YES;
				GENERATE_INFOPLIST_FILE = YES;
				"INFOPLIST_KEY_UIApplicationSceneManifest_Generation[sdk=iphoneos*]" = YES;
				"INFOPLIST_KEY_UIApplicationSceneManifest_Generation[sdk=iphonesimulator*]" = YES;
				"INFOPLIST_KEY_UIApplicationSupportsIndirectInputEvents[sdk=iphoneos*]" = YES;
				"INFOPLIST_KEY_UIApplicationSupportsIndirectInputEvents[sdk=iphonesimulator*]" = YES;
				"INFOPLIST_KEY_UILaunchScreen_Generation[sdk=iphoneos*]" = YES;
				"INFOPLIST_KEY_UILaunchScreen_Generation[sdk=iphonesimulator*]" = YES;
				"INFOPLIST_KEY_UIStatusBarStyle[sdk=iphoneos*]" = UIStatusBarStyleDefault;
				"INFOPLIST_KEY_UIStatusBarStyle[sdk=iphonesimulator*]" = UIStatusBarStyleDefault;
				INFOPLIST_KEY_UISupportedInterfaceOrientations_iPad = "UIInterfaceOrientationPortrait UIInterfaceOrientationPortraitUpsideDown UIInterfaceOrientationLandscapeLeft UIInterfaceOrientationLandscapeRight";
				INFOPLIST_KEY_UISupportedInterfaceOrientations_iPhone = "UIInterfaceOrientationPortrait UIInterfaceOrientationLandscapeLeft UIInterfaceOrientationLandscapeRight";
				IPHONEOS_DEPLOYMENT_TARGET = 17.0;
				LD_RUNPATH_SEARCH_PATHS = "@executable_path/Frameworks";
				"LD_RUNPATH_SEARCH_PATHS[sdk=macosx*]" = "@executable_path/../Frameworks";
				MACOSX_DEPLOYMENT_TARGET = 14.0;
				MARKETING_VERSION = 1.0;
				PRODUCT_BUNDLE_IDENTIFIER = appledeveloper.LandmarksApp;
				PRODUCT_NAME = "$(TARGET_NAME)";
				SDKROOT = auto;
				SUPPORTED_PLATFORMS = "iphoneos iphonesimulator macosx";
				SWIFT_EMIT_LOC_STRINGS = YES;
				SWIFT_VERSION = 5.0;
				TARGETED_DEVICE_FAMILY = "1,2";
			};
			name = Debug;
		};
		1B054E1B2A705580005449C9 /* Release */ = {
			isa = XCBuildConfiguration;
			buildSettings = {
				ASSETCATALOG_COMPILER_APPICON_NAME = AppIcon;
				ASSETCATALOG_COMPILER_GLOBAL_ACCENT_COLOR_NAME = AccentColor;
				CODE_SIGN_ENTITLEMENTS = LandmarksApp/LandmarksApp.entitlements;
				CODE_SIGN_STYLE = Automatic;
				CURRENT_PROJECT_VERSION = 1;
				DEVELOPMENT_ASSET_PATHS = "\"LandmarksApp/Preview Content\"";
				DEVELOPMENT_TEAM = H3A8P27X93;
				ENABLE_HARDENED_RUNTIME = YES;
				ENABLE_PREVIEWS = YES;
				GENERATE_INFOPLIST_FILE = YES;
				"INFOPLIST_KEY_UIApplicationSceneManifest_Generation[sdk=iphoneos*]" = YES;
				"INFOPLIST_KEY_UIApplicationSceneManifest_Generation[sdk=iphonesimulator*]" = YES;
				"INFOPLIST_KEY_UIApplicationSupportsIndirectInputEvents[sdk=iphoneos*]" = YES;
				"INFOPLIST_KEY_UIApplicationSupportsIndirectInputEvents[sdk=iphonesimulator*]" = YES;
				"INFOPLIST_KEY_UILaunchScreen_Generation[sdk=iphoneos*]" = YES;
				"INFOPLIST_KEY_UILaunchScreen_Generation[sdk=iphonesimulator*]" = YES;
				"INFOPLIST_KEY_UIStatusBarStyle[sdk=iphoneos*]" = UIStatusBarStyleDefault;
				"INFOPLIST_KEY_UIStatusBarStyle[sdk=iphonesimulator*]" = UIStatusBarStyleDefault;
				INFOPLIST_KEY_UISupportedInterfaceOrientations_iPad = "UIInterfaceOrientationPortrait UIInterfaceOrientationPortraitUpsideDown UIInterfaceOrientationLandscapeLeft UIInterfaceOrientationLandscapeRight";
				INFOPLIST_KEY_UISupportedInterfaceOrientations_iPhone = "UIInterfaceOrientationPortrait UIInterfaceOrientationLandscapeLeft UIInterfaceOrientationLandscapeRight";
				IPHONEOS_DEPLOYMENT_TARGET = 17.0;
				LD_RUNPATH_SEARCH_PATHS = "@executable_path/Frameworks";
				"LD_RUNPATH_SEARCH_PATHS[sdk=macosx*]" = "@executable_path/../Frameworks";
				MACOSX_DEPLOYMENT_TARGET = 14.0;
				MARKETING_VERSION = 1.0;
				PRODUCT_BUNDLE_IDENTIFIER = appledeveloper.LandmarksApp;
				PRODUCT_NAME = "$(TARGET_NAME)";
				SDKROOT = auto;
				SUPPORTED_PLATFORMS = "iphoneos iphonesimulator macosx";
				SWIFT_EMIT_LOC_STRINGS = YES;
				SWIFT_VERSION = 5.0;
				TARGETED_DEVICE_FAMILY = "1,2";
			};
			name = Release;
		};
		1B054E1D2A705580005449C9 /* Debug */ = {
			isa = XCBuildConfiguration;
			buildSettings = {
				ALWAYS_EMBED_SWIFT_STANDARD_LIBRARIES = YES;
				BUNDLE_LOADER = "$(TEST_HOST)";
				CODE_SIGN_STYLE = Automatic;
				CURRENT_PROJECT_VERSION = 1;
				DEVELOPMENT_TEAM = H3A8P27X93;
				GENERATE_INFOPLIST_FILE = YES;
				IPHONEOS_DEPLOYMENT_TARGET = 17.0;
				MACOSX_DEPLOYMENT_TARGET = 14.0;
				MARKETING_VERSION = 1.0;
				PRODUCT_BUNDLE_IDENTIFIER = appledeveloper.LandmarksAppTests;
				PRODUCT_NAME = "$(TARGET_NAME)";
				SDKROOT = auto;
				SUPPORTED_PLATFORMS = "iphoneos iphonesimulator macosx";
				SWIFT_EMIT_LOC_STRINGS = NO;
				SWIFT_VERSION = 5.0;
				TARGETED_DEVICE_FAMILY = "1,2";
				TEST_HOST = "$(BUILT_PRODUCTS_DIR)/LandmarksApp.app/$(BUNDLE_EXECUTABLE_FOLDER_PATH)/LandmarksApp";
			};
			name = Debug;
		};
		1B054E1E2A705580005449C9 /* Release */ = {
			isa = XCBuildConfiguration;
			buildSettings = {
				ALWAYS_EMBED_SWIFT_STANDARD_LIBRARIES = YES;
				BUNDLE_LOADER = "$(TEST_HOST)";
				CODE_SIGN_STYLE = Automatic;
				CURRENT_PROJECT_VERSION = 1;
				DEVELOPMENT_TEAM = H3A8P27X93;
				GENERATE_INFOPLIST_FILE = YES;
				IPHONEOS_DEPLOYMENT_TARGET = 17.0;
				MACOSX_DEPLOYMENT_TARGET = 14.0;
				MARKETING_VERSION = 1.0;
				PRODUCT_BUNDLE_IDENTIFIER = appledeveloper.LandmarksAppTests;
				PRODUCT_NAME = "$(TARGET_NAME)";
				SDKROOT = auto;
				SUPPORTED_PLATFORMS = "iphoneos iphonesimulator macosx";
				SWIFT_EMIT_LOC_STRINGS = NO;
				SWIFT_VERSION = 5.0;
				TARGETED_DEVICE_FAMILY = "1,2";
				TEST_HOST = "$(BUILT_PRODUCTS_DIR)/LandmarksApp.app/$(BUNDLE_EXECUTABLE_FOLDER_PATH)/LandmarksApp";
			};
			name = Release;
		};
		1B054E202A705580005449C9 /* Debug */ = {
			isa = XCBuildConfiguration;
			buildSettings = {
				ALWAYS_EMBED_SWIFT_STANDARD_LIBRARIES = YES;
				CODE_SIGN_STYLE = Automatic;
				CURRENT_PROJECT_VERSION = 1;
				DEVELOPMENT_TEAM = H3A8P27X93;
				GENERATE_INFOPLIST_FILE = YES;
				IPHONEOS_DEPLOYMENT_TARGET = 17.0;
				MACOSX_DEPLOYMENT_TARGET = 14.0;
				MARKETING_VERSION = 1.0;
				PRODUCT_BUNDLE_IDENTIFIER = appledeveloper.LandmarksAppUITests;
				PRODUCT_NAME = "$(TARGET_NAME)";
				SDKROOT = auto;
				SUPPORTED_PLATFORMS = "iphoneos iphonesimulator macosx";
				SWIFT_EMIT_LOC_STRINGS = NO;
				SWIFT_VERSION = 5.0;
				TARGETED_DEVICE_FAMILY = "1,2";
				TEST_TARGET_NAME = LandmarksApp;
			};
			name = Debug;
		};
		1B054E212A705580005449C9 /* Release */ = {
			isa = XCBuildConfiguration;
			buildSettings = {
				ALWAYS_EMBED_SWIFT_STANDARD_LIBRARIES = YES;
				CODE_SIGN_STYLE = Automatic;
				CURRENT_PROJECT_VERSION = 1;
				DEVELOPMENT_TEAM = H3A8P27X93;
				GENERATE_INFOPLIST_FILE = YES;
				IPHONEOS_DEPLOYMENT_TARGET = 17.0;
				MACOSX_DEPLOYMENT_TARGET = 14.0;
				MARKETING_VERSION = 1.0;
				PRODUCT_BUNDLE_IDENTIFIER = appledeveloper.LandmarksAppUITests;
				PRODUCT_NAME = "$(TARGET_NAME)";
				SDKROOT = auto;
				SUPPORTED_PLATFORMS = "iphoneos iphonesimulator macosx";
				SWIFT_EMIT_LOC_STRINGS = NO;
				SWIFT_VERSION = 5.0;
				TARGETED_DEVICE_FAMILY = "1,2";
				TEST_TARGET_NAME = LandmarksApp;
			};
			name = Release;
		};
/* End XCBuildConfiguration section */

/* Begin XCConfigurationList section */
		1B054DEF2A705579005449C9 /* Build configuration list for PBXProject "LandmarksApp" */ = {
			isa = XCConfigurationList;
			buildConfigurations = (
				1B054E172A705580005449C9 /* Debug */,
				1B054E182A705580005449C9 /* Release */,
			);
			defaultConfigurationIsVisible = 0;
			defaultConfigurationName = Release;
		};
		1B054E192A705580005449C9 /* Build configuration list for PBXNativeTarget "LandmarksApp" */ = {
			isa = XCConfigurationList;
			buildConfigurations = (
				1B054E1A2A705580005449C9 /* Debug */,
				1B054E1B2A705580005449C9 /* Release */,
			);
			defaultConfigurationIsVisible = 0;
			defaultConfigurationName = Release;
		};
		1B054E1C2A705580005449C9 /* Build configuration list for PBXNativeTarget "LandmarksAppTests" */ = {
			isa = XCConfigurationList;
			buildConfigurations = (
				1B054E1D2A705580005449C9 /* Debug */,
				1B054E1E2A705580005449C9 /* Release */,
			);
			defaultConfigurationIsVisible = 0;
			defaultConfigurationName = Release;
		};
		1B054E1F2A705580005449C9 /* Build configuration list for PBXNativeTarget "LandmarksAppUITests" */ = {
			isa = XCConfigurationList;
			buildConfigurations = (
				1B054E202A705580005449C9 /* Debug */,
				1B054E212A705580005449C9 /* Release */,
			);
			defaultConfigurationIsVisible = 0;
			defaultConfigurationName = Release;
		};
/* End XCConfigurationList section */
	};
	rootObject = 1B054DEC2A705579005449C9 /* Project object */;
}
